// !$*UTF8*$!
{
	archiveVersion = 1;
	classes = {
	};
	objectVersion = 46;
	objects = {

/* Begin PBXBuildFile section */
		CE1A7EE21F26FF840046C8EA /* Record.swift in Sources */ = {isa = PBXBuildFile; fileRef = CE1A7EE11F26FF840046C8EA /* Record.swift */; };
		CE1A7EE41F270A170046C8EA /* RecordStore.swift in Sources */ = {isa = PBXBuildFile; fileRef = CE1A7EE31F270A170046C8EA /* RecordStore.swift */; };
		CE6DAEA21F246B820043C962 /* GameViewController.swift in Sources */ = {isa = PBXBuildFile; fileRef = CE6DAEA11F246B810043C962 /* GameViewController.swift */; };
		CE6DAEA41F246BC00043C962 /* MainViewController.swift in Sources */ = {isa = PBXBuildFile; fileRef = CE6DAEA31F246BC00043C962 /* MainViewController.swift */; };
		CE6DAEA61F246C430043C962 /* ScoreViewController.swift in Sources */ = {isa = PBXBuildFile; fileRef = CE6DAEA51F246C430043C962 /* ScoreViewController.swift */; };
		CEDFAC6C1F23C64100EE3A95 /* AppDelegate.swift in Sources */ = {isa = PBXBuildFile; fileRef = CEDFAC6B1F23C64100EE3A95 /* AppDelegate.swift */; };
		CEDFAC6E1F23C64100EE3A95 /* ViewController.swift in Sources */ = {isa = PBXBuildFile; fileRef = CEDFAC6D1F23C64100EE3A95 /* ViewController.swift */; };
		CEDFAC711F23C64100EE3A95 /* Main.storyboard in Resources */ = {isa = PBXBuildFile; fileRef = CEDFAC6F1F23C64100EE3A95 /* Main.storyboard */; };
		CEDFAC741F23C64100EE3A95 /* Week4Game.xcdatamodeld in Sources */ = {isa = PBXBuildFile; fileRef = CEDFAC721F23C64100EE3A95 /* Week4Game.xcdatamodeld */; };
		CEDFAC761F23C64100EE3A95 /* Assets.xcassets in Resources */ = {isa = PBXBuildFile; fileRef = CEDFAC751F23C64100EE3A95 /* Assets.xcassets */; };
		CEDFAC791F23C64100EE3A95 /* LaunchScreen.storyboard in Resources */ = {isa = PBXBuildFile; fileRef = CEDFAC771F23C64100EE3A95 /* LaunchScreen.storyboard */; };
/* End PBXBuildFile section */

/* Begin PBXFileReference section */
		CE1A7EE11F26FF840046C8EA /* Record.swift */ = {isa = PBXFileReference; fileEncoding = 4; lastKnownFileType = sourcecode.swift; path = Record.swift; sourceTree = "<group>"; };
		CE1A7EE31F270A170046C8EA /* RecordStore.swift */ = {isa = PBXFileReference; fileEncoding = 4; lastKnownFileType = sourcecode.swift; path = RecordStore.swift; sourceTree = "<group>"; };
		CE6DAEA11F246B810043C962 /* GameViewController.swift */ = {isa = PBXFileReference; fileEncoding = 4; lastKnownFileType = sourcecode.swift; path = GameViewController.swift; sourceTree = "<group>"; };
		CE6DAEA31F246BC00043C962 /* MainViewController.swift */ = {isa = PBXFileReference; fileEncoding = 4; lastKnownFileType = sourcecode.swift; path = MainViewController.swift; sourceTree = "<group>"; };
		CE6DAEA51F246C430043C962 /* ScoreViewController.swift */ = {isa = PBXFileReference; fileEncoding = 4; lastKnownFileType = sourcecode.swift; path = ScoreViewController.swift; sourceTree = "<group>"; };
		CEDFAC681F23C64100EE3A95 /* Week4Game.app */ = {isa = PBXFileReference; explicitFileType = wrapper.application; includeInIndex = 0; path = Week4Game.app; sourceTree = BUILT_PRODUCTS_DIR; };
		CEDFAC6B1F23C64100EE3A95 /* AppDelegate.swift */ = {isa = PBXFileReference; lastKnownFileType = sourcecode.swift; path = AppDelegate.swift; sourceTree = "<group>"; };
		CEDFAC6D1F23C64100EE3A95 /* ViewController.swift */ = {isa = PBXFileReference; lastKnownFileType = sourcecode.swift; path = ViewController.swift; sourceTree = "<group>"; };
		CEDFAC701F23C64100EE3A95 /* Base */ = {isa = PBXFileReference; lastKnownFileType = file.storyboard; name = Base; path = Base.lproj/Main.storyboard; sourceTree = "<group>"; };
		CEDFAC731F23C64100EE3A95 /* Week4Game.xcdatamodel */ = {isa = PBXFileReference; lastKnownFileType = wrapper.xcdatamodel; path = Week4Game.xcdatamodel; sourceTree = "<group>"; };
		CEDFAC751F23C64100EE3A95 /* Assets.xcassets */ = {isa = PBXFileReference; lastKnownFileType = folder.assetcatalog; path = Assets.xcassets; sourceTree = "<group>"; };
		CEDFAC781F23C64100EE3A95 /* Base */ = {isa = PBXFileReference; lastKnownFileType = file.storyboard; name = Base; path = Base.lproj/LaunchScreen.storyboard; sourceTree = "<group>"; };
		CEDFAC7A1F23C64100EE3A95 /* Info.plist */ = {isa = PBXFileReference; lastKnownFileType = text.plist.xml; path = Info.plist; sourceTree = "<group>"; };
/* End PBXFileReference section */

/* Begin PBXFrameworksBuildPhase section */
		CEDFAC651F23C64100EE3A95 /* Frameworks */ = {
			isa = PBXFrameworksBuildPhase;
			buildActionMask = 2147483647;
			files = (
			);
			runOnlyForDeploymentPostprocessing = 0;
		};
/* End PBXFrameworksBuildPhase section */

/* Begin PBXGroup section */
		CEDFAC5F1F23C64100EE3A95 = {
			isa = PBXGroup;
			children = (
				CEDFAC6A1F23C64100EE3A95 /* Week4Game */,
				CEDFAC691F23C64100EE3A95 /* Products */,
			);
			sourceTree = "<group>";
		};
		CEDFAC691F23C64100EE3A95 /* Products */ = {
			isa = PBXGroup;
			children = (
				CEDFAC681F23C64100EE3A95 /* Week4Game.app */,
			);
			name = Products;
			sourceTree = "<group>";
		};
		CEDFAC6A1F23C64100EE3A95 /* Week4Game */ = {
			isa = PBXGroup;
			children = (
				CEDFAC6B1F23C64100EE3A95 /* AppDelegate.swift */,
				CEDFAC6D1F23C64100EE3A95 /* ViewController.swift */,
				CEDFAC6F1F23C64100EE3A95 /* Main.storyboard */,
				CEDFAC751F23C64100EE3A95 /* Assets.xcassets */,
				CE6DAEA31F246BC00043C962 /* MainViewController.swift */,
				CE6DAEA11F246B810043C962 /* GameViewController.swift */,
				CE6DAEA51F246C430043C962 /* ScoreViewController.swift */,
				CE1A7EE11F26FF840046C8EA /* Record.swift */,
				CE1A7EE31F270A170046C8EA /* RecordStore.swift */,
				CEDFAC771F23C64100EE3A95 /* LaunchScreen.storyboard */,
				CEDFAC7A1F23C64100EE3A95 /* Info.plist */,
				CEDFAC721F23C64100EE3A95 /* Week4Game.xcdatamodeld */,
			);
			path = Week4Game;
			sourceTree = "<group>";
		};
/* End PBXGroup section */

/* Begin PBXNativeTarget section */
		CEDFAC671F23C64100EE3A95 /* Week4Game */ = {
			isa = PBXNativeTarget;
			buildConfigurationList = CEDFAC7D1F23C64100EE3A95 /* Build configuration list for PBXNativeTarget "Week4Game" */;
			buildPhases = (
				CEDFAC641F23C64100EE3A95 /* Sources */,
				CEDFAC651F23C64100EE3A95 /* Frameworks */,
				CEDFAC661F23C64100EE3A95 /* Resources */,
			);
			buildRules = (
			);
			dependencies = (
			);
			name = Week4Game;
			productName = Week4Game;
			productReference = CEDFAC681F23C64100EE3A95 /* Week4Game.app */;
			productType = "com.apple.product-type.application";
		};
/* End PBXNativeTarget section */

/* Begin PBXProject section */
		CEDFAC601F23C64100EE3A95 /* Project object */ = {
			isa = PBXProject;
			attributes = {
				LastSwiftUpdateCheck = 0830;
				LastUpgradeCheck = 0830;
				ORGANIZATIONNAME = "Ji-Yong Jeong";
				TargetAttributes = {
					CEDFAC671F23C64100EE3A95 = {
						CreatedOnToolsVersion = 8.3.2;
						DevelopmentTeam = P94N3QDFF3;
						ProvisioningStyle = Automatic;
					};
				};
			};
			buildConfigurationList = CEDFAC631F23C64100EE3A95 /* Build configuration list for PBXProject "Week4Game" */;
			compatibilityVersion = "Xcode 3.2";
			developmentRegion = English;
			hasScannedForEncodings = 0;
			knownRegions = (
				en,
				Base,
			);
			mainGroup = CEDFAC5F1F23C64100EE3A95;
			productRefGroup = CEDFAC691F23C64100EE3A95 /* Products */;
			projectDirPath = "";
			projectRoot = "";
			targets = (
				CEDFAC671F23C64100EE3A95 /* Week4Game */,
			);
		};
/* End PBXProject section */

/* Begin PBXResourcesBuildPhase section */
		CEDFAC661F23C64100EE3A95 /* Resources */ = {
			isa = PBXResourcesBuildPhase;
			buildActionMask = 2147483647;
			files = (
				CEDFAC791F23C64100EE3A95 /* LaunchScreen.storyboard in Resources */,
				CEDFAC761F23C64100EE3A95 /* Assets.xcassets in Resources */,
				CEDFAC711F23C64100EE3A95 /* Main.storyboard in Resources */,
			);
			runOnlyForDeploymentPostprocessing = 0;
		};
/* End PBXResourcesBuildPhase section */

/* Begin PBXSourcesBuildPhase section */
		CEDFAC641F23C64100EE3A95 /* Sources */ = {
			isa = PBXSourcesBuildPhase;
			buildActionMask = 2147483647;
			files = (
				CE1A7EE41F270A170046C8EA /* RecordStore.swift in Sources */,
				CE6DAEA21F246B820043C962 /* GameViewController.swift in Sources */,
				CEDFAC6E1F23C64100EE3A95 /* ViewController.swift in Sources */,
				CEDFAC6C1F23C64100EE3A95 /* AppDelegate.swift in Sources */,
				CEDFAC741F23C64100EE3A95 /* Week4Game.xcdatamodeld in Sources */,
				CE1A7EE21F26FF840046C8EA /* Record.swift in Sources */,
				CE6DAEA41F246BC00043C962 /* MainViewController.swift in Sources */,
				CE6DAEA61F246C430043C962 /* ScoreViewController.swift in Sources */,
			);
			runOnlyForDeploymentPostprocessing = 0;
		};
/* End PBXSourcesBuildPhase section */

/* Begin PBXVariantGroup section */
		CEDFAC6F1F23C64100EE3A95 /* Main.storyboard */ = {
			isa = PBXVariantGroup;
			children = (
				CEDFAC701F23C64100EE3A95 /* Base */,
			);
			name = Main.storyboard;
			sourceTree = "<group>";
		};
		CEDFAC771F23C64100EE3A95 /* LaunchScreen.storyboard */ = {
			isa = PBXVariantGroup;
			children = (
				CEDFAC781F23C64100EE3A95 /* Base */,
			);
			name = LaunchScreen.storyboard;
			sourceTree = "<group>";
		};
/* End PBXVariantGroup section */

/* Begin XCBuildConfiguration section */
		CEDFAC7B1F23C64100EE3A95 /* Debug */ = {
			isa = XCBuildConfiguration;
			buildSettings = {
				ALWAYS_SEARCH_USER_PATHS = NO;
				CLANG_ANALYZER_NONNULL = YES;
				CLANG_ANALYZER_NUMBER_OBJECT_CONVERSION = YES_AGGRESSIVE;
				CLANG_CXX_LANGUAGE_STANDARD = "gnu++0x";
				CLANG_CXX_LIBRARY = "libc++";
				CLANG_ENABLE_MODULES = YES;
				CLANG_ENABLE_OBJC_ARC = YES;
				CLANG_WARN_BOOL_CONVERSION = YES;
				CLANG_WARN_CONSTANT_CONVERSION = YES;
				CLANG_WARN_DIRECT_OBJC_ISA_USAGE = YES_ERROR;
				CLANG_WARN_DOCUMENTATION_COMMENTS = YES;
				CLANG_WARN_EMPTY_BODY = YES;
				CLANG_WARN_ENUM_CONVERSION = YES;
				CLANG_WARN_INFINITE_RECURSION = YES;
				CLANG_WARN_INT_CONVERSION = YES;
				CLANG_WARN_OBJC_ROOT_CLASS = YES_ERROR;
				CLANG_WARN_SUSPICIOUS_MOVE = YES;
				CLANG_WARN_UNREACHABLE_CODE = YES;
				CLANG_WARN__DUPLICATE_METHOD_MATCH = YES;
				"CODE_SIGN_IDENTITY[sdk=iphoneos*]" = "iPhone Developer";
				COPY_PHASE_STRIP = NO;
				DEBUG_INFORMATION_FORMAT = dwarf;
				ENABLE_STRICT_OBJC_MSGSEND = YES;
				ENABLE_TESTABILITY = YES;
				GCC_C_LANGUAGE_STANDARD = gnu99;
				GCC_DYNAMIC_NO_PIC = NO;
				GCC_NO_COMMON_BLOCKS = YES;
				GCC_OPTIMIZATION_LEVEL = 0;
				GCC_PREPROCESSOR_DEFINITIONS = (
					"DEBUG=1",
					"$(inherited)",
				);
				GCC_WARN_64_TO_32_BIT_CONVERSION = YES;
				GCC_WARN_ABOUT_RETURN_TYPE = YES_ERROR;
				GCC_WARN_UNDECLARED_SELECTOR = YES;
				GCC_WARN_UNINITIALIZED_AUTOS = YES_AGGRESSIVE;
				GCC_WARN_UNUSED_FUNCTION = YES;
				GCC_WARN_UNUSED_VARIABLE = YES;
				IPHONEOS_DEPLOYMENT_TARGET = 10.3;
				MTL_ENABLE_DEBUG_INFO = YES;
				ONLY_ACTIVE_ARCH = YES;
				SDKROOT = iphoneos;
				SWIFT_ACTIVE_COMPILATION_CONDITIONS = DEBUG;
				SWIFT_OPTIMIZATION_LEVEL = "-Onone";
			};
			name = Debug;
		};
		CEDFAC7C1F23C64100EE3A95 /* Release */ = {
			isa = XCBuildConfiguration;
			buildSettings = {
				ALWAYS_SEARCH_USER_PATHS = NO;
				CLANG_ANALYZER_NONNULL = YES;
				CLANG_ANALYZER_NUMBER_OBJECT_CONVERSION = YES_AGGRESSIVE;
				CLANG_CXX_LANGUAGE_STANDARD = "gnu++0x";
				CLANG_CXX_LIBRARY = "libc++";
				CLANG_ENABLE_MODULES = YES;
				CLANG_ENABLE_OBJC_ARC = YES;
				CLANG_WARN_BOOL_CONVERSION = YES;
				CLANG_WARN_CONSTANT_CONVERSION = YES;
				CLANG_WARN_DIRECT_OBJC_ISA_USAGE = YES_ERROR;
				CLANG_WARN_DOCUMENTATION_COMMENTS = YES;
				CLANG_WARN_EMPTY_BODY = YES;
				CLANG_WARN_ENUM_CONVERSION = YES;
				CLANG_WARN_INFINITE_RECURSION = YES;
				CLANG_WARN_INT_CONVERSION = YES;
				CLANG_WARN_OBJC_ROOT_CLASS = YES_ERROR;
				CLANG_WARN_SUSPICIOUS_MOVE = YES;
				CLANG_WARN_UNREACHABLE_CODE = YES;
				CLANG_WARN__DUPLICATE_METHOD_MATCH = YES;
				"CODE_SIGN_IDENTITY[sdk=iphoneos*]" = "iPhone Developer";
				COPY_PHASE_STRIP = NO;
				DEBUG_INFORMATION_FORMAT = "dwarf-with-dsym";
				ENABLE_NS_ASSERTIONS = NO;
				ENABLE_STRICT_OBJC_MSGSEND = YES;
				GCC_C_LANGUAGE_STANDARD = gnu99;
				GCC_NO_COMMON_BLOCKS = YES;
				GCC_WARN_64_TO_32_BIT_CONVERSION = YES;
				GCC_WARN_ABOUT_RETURN_TYPE = YES_ERROR;
				GCC_WARN_UNDECLARED_SELECTOR = YES;
				GCC_WARN_UNINITIALIZED_AUTOS = YES_AGGRESSIVE;
				GCC_WARN_UNUSED_FUNCTION = YES;
				GCC_WARN_UNUSED_VARIABLE = YES;
				IPHONEOS_DEPLOYMENT_TARGET = 10.3;
				MTL_ENABLE_DEBUG_INFO = NO;
				SDKROOT = iphoneos;
				SWIFT_OPTIMIZATION_LEVEL = "-Owholemodule";
				VALIDATE_PRODUCT = YES;
			};
			name = Release;
		};
		CEDFAC7E1F23C64100EE3A95 /* Debug */ = {
			isa = XCBuildConfiguration;
			buildSettings = {
				ASSETCATALOG_COMPILER_APPICON_NAME = AppIcon;
				DEVELOPMENT_TEAM = P94N3QDFF3;
				INFOPLIST_FILE = Week4Game/Info.plist;
				LD_RUNPATH_SEARCH_PATHS = "$(inherited) @executable_path/Frameworks";
				PRODUCT_BUNDLE_IDENTIFIER = com.Yongcompany.Week4Game;
				PRODUCT_NAME = "$(TARGET_NAME)";
				SWIFT_VERSION = 3.0;
			};
			name = Debug;
		};
		CEDFAC7F1F23C64100EE3A95 /* Release */ = {
			isa = XCBuildConfiguration;
			buildSettings = {
				ASSETCATALOG_COMPILER_APPICON_NAME = AppIcon;
				DEVELOPMENT_TEAM = P94N3QDFF3;
				INFOPLIST_FILE = Week4Game/Info.plist;
				LD_RUNPATH_SEARCH_PATHS = "$(inherited) @executable_path/Frameworks";
				PRODUCT_BUNDLE_IDENTIFIER = com.Yongcompany.Week4Game;
				PRODUCT_NAME = "$(TARGET_NAME)";
				SWIFT_VERSION = 3.0;
			};
			name = Release;
		};
/* End XCBuildConfiguration section */

/* Begin XCConfigurationList section */
		CEDFAC631F23C64100EE3A95 /* Build configuration list for PBXProject "Week4Game" */ = {
			isa = XCConfigurationList;
			buildConfigurations = (
				CEDFAC7B1F23C64100EE3A95 /* Debug */,
				CEDFAC7C1F23C64100EE3A95 /* Release */,
			);
			defaultConfigurationIsVisible = 0;
			defaultConfigurationName = Release;
		};
		CEDFAC7D1F23C64100EE3A95 /* Build configuration list for PBXNativeTarget "Week4Game" */ = {
			isa = XCConfigurationList;
			buildConfigurations = (
				CEDFAC7E1F23C64100EE3A95 /* Debug */,
				CEDFAC7F1F23C64100EE3A95 /* Release */,
			);
			defaultConfigurationIsVisible = 0;
			defaultConfigurationName = Release;
		};
/* End XCConfigurationList section */

/* Begin XCVersionGroup section */
		CEDFAC721F23C64100EE3A95 /* Week4Game.xcdatamodeld */ = {
			isa = XCVersionGroup;
			children = (
				CEDFAC731F23C64100EE3A95 /* Week4Game.xcdatamodel */,
			);
			currentVersion = CEDFAC731F23C64100EE3A95 /* Week4Game.xcdatamodel */;
			path = Week4Game.xcdatamodeld;
			sourceTree = "<group>";
			versionGroupType = wrapper.xcdatamodel;
		};
/* End XCVersionGroup section */
	};
	rootObject = CEDFAC601F23C64100EE3A95 /* Project object */;
}
